
Microsoft Visual Studio Solution File, Format Version 12.00
# Visual Studio Version 17
VisualStudioVersion = 17.0.31903.59
MinimumVisualStudioVersion = 10.0.40219.1
Project("{2150E333-8FDC-42A3-9474-1A3956D46DE8}") = "shared", "shared", "{4F52FD11-658E-A102-6CD3-7D7C16FFA15B}"
EndProject
Project("{FAE04EC0-301F-11D3-BF4B-00C04F79EFBC}") = "CoreVault.SharedKernel", "shared\CoreVault.SharedKernel\CoreVault.SharedKernel.csproj", "{DBBF4B2B-5F3A-4D70-AA80-83477889FF9A}"
EndProject
Project("{FAE04EC0-301F-11D3-BF4B-00C04F79EFBC}") = "CoreVault.Contracts", "shared\CoreVault.Contracts\CoreVault.Contracts.csproj", "{4E736993-0CE5-4FDD-9F23-3DC7642CA8B2}"
EndProject
Project("{2150E333-8FDC-42A3-9474-1A3956D46DE8}") = "src", "src", "{827E0CD3-B72D-47B6-A68D-7590B98EB39B}"
EndProject
Project("{2150E333-8FDC-42A3-9474-1A3956D46DE8}") = "Services", "Services", "{984BB9B3-3FA3-BE33-9484-CAC21695A33C}"
EndProject
Project("{FAE04EC0-301F-11D3-BF4B-00C04F79EFBC}") = "CoreVault.Identity", "src\Services\CoreVault.Identity\CoreVault.Identity.csproj", "{69A794AA-079B-4AB1-A802-77EA4624B40B}"
EndProject
Project("{FAE04EC0-301F-11D3-BF4B-00C04F79EFBC}") = "CoreVault.Customer", "src\Services\CoreVault.Customer\CoreVault.Customer.csproj", "{1C71F709-96CE-43F0-800F-141629FA6E6D}"
EndProject
Project("{FAE04EC0-301F-11D3-BF4B-00C04F79EFBC}") = "CoreVault.Accounts", "src\Services\CoreVault.Accounts\CoreVault.Accounts.csproj", "{C2D73D6A-8137-4E68-8765-06B179FA49A9}"
EndProject
Project("{FAE04EC0-301F-11D3-BF4B-00C04F79EFBC}") = "CoreVault.Transactions", "src\Services\CoreVault.Transactions\CoreVault.Transactions.csproj", "{6E893067-1AAB-49BE-A6F6-F113BA1A8BD2}"
EndProject
Project("{FAE04EC0-301F-11D3-BF4B-00C04F79EFBC}") = "CoreVault.AIIntelligence", "src\Services\CoreVault.AIIntelligence\CoreVault.AIIntelligence.csproj", "{F91250AE-5C86-480B-AEDF-41B405A98971}"
EndProject
Project("{FAE04EC0-301F-11D3-BF4B-00C04F79EFBC}") = "CoreVault.AgenticWorkflow", "src\Services\CoreVault.AgenticWorkflow\CoreVault.AgenticWorkflow.csproj", "{DBCED476-65D4-4601-9DBF-9134699CA5C7}"
EndProject
Project("{FAE04EC0-301F-11D3-BF4B-00C04F79EFBC}") = "CoreVault.OpenBanking", "src\Services\CoreVault.OpenBanking\CoreVault.OpenBanking.csproj", "{B9F4B96B-AC91-4C50-8155-C715C352E984}"
EndProject
Project("{FAE04EC0-301F-11D3-BF4B-00C04F79EFBC}") = "CoreVault.Audit", "src\Services\CoreVault.Audit\CoreVault.Audit.csproj", "{E9C85F05-00BA-4D53-90CD-41651FF29F14}"
EndProject
Project("{FAE04EC0-301F-11D3-BF4B-00C04F79EFBC}") = "CoreVault.Notifications", "src\Services\CoreVault.Notifications\CoreVault.Notifications.csproj", "{6BC19816-DBD8-4596-93A8-F5D1471F6966}"
EndProject
Project("{2150E333-8FDC-42A3-9474-1A3956D46DE8}") = "Gateways", "Gateways", "{CBE535C5-B51A-60E9-4D99-AC1BFAA908A1}"
EndProject
Project("{FAE04EC0-301F-11D3-BF4B-00C04F79EFBC}") = "CoreVault.ApiGateway", "src\Gateways\CoreVault.ApiGateway\CoreVault.ApiGateway.csproj", "{DC4D8B34-5B15-4AE0-8D44-297EE40B5D36}"
EndProject
Global
	GlobalSection(SolutionConfigurationPlatforms) = preSolution
		Debug|Any CPU = Debug|Any CPU
		Debug|x64 = Debug|x64
		Debug|x86 = Debug|x86
		Release|Any CPU = Release|Any CPU
		Release|x64 = Release|x64
		Release|x86 = Release|x86
	EndGlobalSection
	GlobalSection(ProjectConfigurationPlatforms) = postSolution
		{DBBF4B2B-5F3A-4D70-AA80-83477889FF9A}.Debug|Any CPU.ActiveCfg = Debug|Any CPU
		{DBBF4B2B-5F3A-4D70-AA80-83477889FF9A}.Debug|Any CPU.Build.0 = Debug|Any CPU
		{DBBF4B2B-5F3A-4D70-AA80-83477889FF9A}.Debug|x64.ActiveCfg = Debug|Any CPU
		{DBBF4B2B-5F3A-4D70-AA80-83477889FF9A}.Debug|x64.Build.0 = Debug|Any CPU
		{DBBF4B2B-5F3A-4D70-AA80-83477889FF9A}.Debug|x86.ActiveCfg = Debug|Any CPU
		{DBBF4B2B-5F3A-4D70-AA80-83477889FF9A}.Debug|x86.Build.0 = Debug|Any CPU
		{DBBF4B2B-5F3A-4D70-AA80-83477889FF9A}.Release|Any CPU.ActiveCfg = Release|Any CPU
		{DBBF4B2B-5F3A-4D70-AA80-83477889FF9A}.Release|Any CPU.Build.0 = Release|Any CPU
		{DBBF4B2B-5F3A-4D70-AA80-83477889FF9A}.Release|x64.ActiveCfg = Release|Any CPU
		{DBBF4B2B-5F3A-4D70-AA80-83477889FF9A}.Release|x64.Build.0 = Release|Any CPU
		{DBBF4B2B-5F3A-4D70-AA80-83477889FF9A}.Release|x86.ActiveCfg = Release|Any CPU
		{DBBF4B2B-5F3A-4D70-AA80-83477889FF9A}.Release|x86.Build.0 = Release|Any CPU
		{4E736993-0CE5-4FDD-9F23-3DC7642CA8B2}.Debug|Any CPU.ActiveCfg = Debug|Any CPU
		{4E736993-0CE5-4FDD-9F23-3DC7642CA8B2}.Debug|Any CPU.Build.0 = Debug|Any CPU
		{4E736993-0CE5-4FDD-9F23-3DC7642CA8B2}.Debug|x64.ActiveCfg = Debug|Any CPU
		{4E736993-0CE5-4FDD-9F23-3DC7642CA8B2}.Debug|x64.Build.0 = Debug|Any CPU
		{4E736993-0CE5-4FDD-9F23-3DC7642CA8B2}.Debug|x86.ActiveCfg = Debug|Any CPU
		{4E736993-0CE5-4FDD-9F23-3DC7642CA8B2}.Debug|x86.Build.0 = Debug|Any CPU
		{4E736993-0CE5-4FDD-9F23-3DC7642CA8B2}.Release|Any CPU.ActiveCfg = Release|Any CPU
		{4E736993-0CE5-4FDD-9F23-3DC7642CA8B2}.Release|Any CPU.Build.0 = Release|Any CPU
		{4E736993-0CE5-4FDD-9F23-3DC7642CA8B2}.Release|x64.ActiveCfg = Release|Any CPU
		{4E736993-0CE5-4FDD-9F23-3DC7642CA8B2}.Release|x64.Build.0 = Release|Any CPU
		{4E736993-0CE5-4FDD-9F23-3DC7642CA8B2}.Release|x86.ActiveCfg = Release|Any CPU
		{4E736993-0CE5-4FDD-9F23-3DC7642CA8B2}.Release|x86.Build.0 = Release|Any CPU
		{69A794AA-079B-4AB1-A802-77EA4624B40B}.Debug|Any CPU.ActiveCfg = Debug|Any CPU
		{69A794AA-079B-4AB1-A802-77EA4624B40B}.Debug|Any CPU.Build.0 = Debug|Any CPU
		{69A794AA-079B-4AB1-A802-77EA4624B40B}.Debug|x64.ActiveCfg = Debug|Any CPU
		{69A794AA-079B-4AB1-A802-77EA4624B40B}.Debug|x64.Build.0 = Debug|Any CPU
		{69A794AA-079B-4AB1-A802-77EA4624B40B}.Debug|x86.ActiveCfg = Debug|Any CPU
		{69A794AA-079B-4AB1-A802-77EA4624B40B}.Debug|x86.Build.0 = Debug|Any CPU
		{69A794AA-079B-4AB1-A802-77EA4624B40B}.Release|Any CPU.ActiveCfg = Release|Any CPU
		{69A794AA-079B-4AB1-A802-77EA4624B40B}.Release|Any CPU.Build.0 = Release|Any CPU
		{69A794AA-079B-4AB1-A802-77EA4624B40B}.Release|x64.ActiveCfg = Release|Any CPU
		{69A794AA-079B-4AB1-A802-77EA4624B40B}.Release|x64.Build.0 = Release|Any CPU
		{69A794AA-079B-4AB1-A802-77EA4624B40B}.Release|x86.ActiveCfg = Release|Any CPU
		{69A794AA-079B-4AB1-A802-77EA4624B40B}.Release|x86.Build.0 = Release|Any CPU
		{1C71F709-96CE-43F0-800F-141629FA6E6D}.Debug|Any CPU.ActiveCfg = Debug|Any CPU
		{1C71F709-96CE-43F0-800F-141629FA6E6D}.Debug|Any CPU.Build.0 = Debug|Any CPU
		{1C71F709-96CE-43F0-800F-141629FA6E6D}.Debug|x64.ActiveCfg = Debug|Any CPU
		{1C71F709-96CE-43F0-800F-141629FA6E6D}.Debug|x64.Build.0 = Debug|Any CPU
		{1C71F709-96CE-43F0-800F-141629FA6E6D}.Debug|x86.ActiveCfg = Debug|Any CPU
		{1C71F709-96CE-43F0-800F-141629FA6E6D}.Debug|x86.Build.0 = Debug|Any CPU
		{1C71F709-96CE-43F0-800F-141629FA6E6D}.Release|Any CPU.ActiveCfg = Release|Any CPU
		{1C71F709-96CE-43F0-800F-141629FA6E6D}.Release|Any CPU.Build.0 = Release|Any CPU
		{1C71F709-96CE-43F0-800F-141629FA6E6D}.Release|x64.ActiveCfg = Release|Any CPU
		{1C71F709-96CE-43F0-800F-141629FA6E6D}.Release|x64.Build.0 = Release|Any CPU
		{1C71F709-96CE-43F0-800F-141629FA6E6D}.Release|x86.ActiveCfg = Release|Any CPU
		{1C71F709-96CE-43F0-800F-141629FA6E6D}.Release|x86.Build.0 = Release|Any CPU
		{C2D73D6A-8137-4E68-8765-06B179FA49A9}.Debug|Any CPU.ActiveCfg = Debug|Any CPU
		{C2D73D6A-8137-4E68-8765-06B179FA49A9}.Debug|Any CPU.Build.0 = Debug|Any CPU
		{C2D73D6A-8137-4E68-8765-06B179FA49A9}.Debug|x64.ActiveCfg = Debug|Any CPU
		{C2D73D6A-8137-4E68-8765-06B179FA49A9}.Debug|x64.Build.0 = Debug|Any CPU
		{C2D73D6A-8137-4E68-8765-06B179FA49A9}.Debug|x86.ActiveCfg = Debug|Any CPU
		{C2D73D6A-8137-4E68-8765-06B179FA49A9}.Debug|x86.Build.0 = Debug|Any CPU
		{C2D73D6A-8137-4E68-8765-06B179FA49A9}.Release|Any CPU.ActiveCfg = Release|Any CPU
		{C2D73D6A-8137-4E68-8765-06B179FA49A9}.Release|Any CPU.Build.0 = Release|Any CPU
		{C2D73D6A-8137-4E68-8765-06B179FA49A9}.Release|x64.ActiveCfg = Release|Any CPU
		{C2D73D6A-8137-4E68-8765-06B179FA49A9}.Release|x64.Build.0 = Release|Any CPU
		{C2D73D6A-8137-4E68-8765-06B179FA49A9}.Release|x86.ActiveCfg = Release|Any CPU
		{C2D73D6A-8137-4E68-8765-06B179FA49A9}.Release|x86.Build.0 = Release|Any CPU
		{6E893067-1AAB-49BE-A6F6-F113BA1A8BD2}.Debug|Any CPU.ActiveCfg = Debug|Any CPU
		{6E893067-1AAB-49BE-A6F6-F113BA1A8BD2}.Debug|Any CPU.Build.0 = Debug|Any CPU
		{6E893067-1AAB-49BE-A6F6-F113BA1A8BD2}.Debug|x64.ActiveCfg = Debug|Any CPU
		{6E893067-1AAB-49BE-A6F6-F113BA1A8BD2}.Debug|x64.Build.0 = Debug|Any CPU
		{6E893067-1AAB-49BE-A6F6-F113BA1A8BD2}.Debug|x86.ActiveCfg = Debug|Any CPU
		{6E893067-1AAB-49BE-A6F6-F113BA1A8BD2}.Debug|x86.Build.0 = Debug|Any CPU
		{6E893067-1AAB-49BE-A6F6-F113BA1A8BD2}.Release|Any CPU.ActiveCfg = Release|Any CPU
		{6E893067-1AAB-49BE-A6F6-F113BA1A8BD2}.Release|Any CPU.Build.0 = Release|Any CPU
		{6E893067-1AAB-49BE-A6F6-F113BA1A8BD2}.Release|x64.ActiveCfg = Release|Any CPU
		{6E893067-1AAB-49BE-A6F6-F113BA1A8BD2}.Release|x64.Build.0 = Release|Any CPU
		{6E893067-1AAB-49BE-A6F6-F113BA1A8BD2}.Release|x86.ActiveCfg = Release|Any CPU
		{6E893067-1AAB-49BE-A6F6-F113BA1A8BD2}.Release|x86.Build.0 = Release|Any CPU
		{F91250AE-5C86-480B-AEDF-41B405A98971}.Debug|Any CPU.ActiveCfg = Debug|Any CPU
		{F91250AE-5C86-480B-AEDF-41B405A98971}.Debug|Any CPU.Build.0 = Debug|Any CPU
		{F91250AE-5C86-480B-AEDF-41B405A98971}.Debug|x64.ActiveCfg = Debug|Any CPU
		{F91250AE-5C86-480B-AEDF-41B405A98971}.Debug|x64.Build.0 = Debug|Any CPU
		{F91250AE-5C86-480B-AEDF-41B405A98971}.Debug|x86.ActiveCfg = Debug|Any CPU
		{F91250AE-5C86-480B-AEDF-41B405A98971}.Debug|x86.Build.0 = Debug|Any CPU
		{F91250AE-5C86-480B-AEDF-41B405A98971}.Release|Any CPU.ActiveCfg = Release|Any CPU
		{F91250AE-5C86-480B-AEDF-41B405A98971}.Release|Any CPU.Build.0 = Release|Any CPU
		{F91250AE-5C86-480B-AEDF-41B405A98971}.Release|x64.ActiveCfg = Release|Any CPU
		{F91250AE-5C86-480B-AEDF-41B405A98971}.Release|x64.Build.0 = Release|Any CPU
		{F91250AE-5C86-480B-AEDF-41B405A98971}.Release|x86.ActiveCfg = Release|Any CPU
		{F91250AE-5C86-480B-AEDF-41B405A98971}.Release|x86.Build.0 = Release|Any CPU
		{DBCED476-65D4-4601-9DBF-9134699CA5C7}.Debug|Any CPU.ActiveCfg = Debug|Any CPU
		{DBCED476-65D4-4601-9DBF-9134699CA5C7}.Debug|Any CPU.Build.0 = Debug|Any CPU
		{DBCED476-65D4-4601-9DBF-9134699CA5C7}.Debug|x64.ActiveCfg = Debug|Any CPU
		{DBCED476-65D4-4601-9DBF-9134699CA5C7}.Debug|x64.Build.0 = Debug|Any CPU
		{DBCED476-65D4-4601-9DBF-9134699CA5C7}.Debug|x86.ActiveCfg = Debug|Any CPU
		{DBCED476-65D4-4601-9DBF-9134699CA5C7}.Debug|x86.Build.0 = Debug|Any CPU
		{DBCED476-65D4-4601-9DBF-9134699CA5C7}.Release|Any CPU.ActiveCfg = Release|Any CPU
		{DBCED476-65D4-4601-9DBF-9134699CA5C7}.Release|Any CPU.Build.0 = Release|Any CPU
		{DBCED476-65D4-4601-9DBF-9134699CA5C7}.Release|x64.ActiveCfg = Release|Any CPU
		{DBCED476-65D4-4601-9DBF-9134699CA5C7}.Release|x64.Build.0 = Release|Any CPU
		{DBCED476-65D4-4601-9DBF-9134699CA5C7}.Release|x86.ActiveCfg = Release|Any CPU
		{DBCED476-65D4-4601-9DBF-9134699CA5C7}.Release|x86.Build.0 = Release|Any CPU
		{B9F4B96B-AC91-4C50-8155-C715C352E984}.Debug|Any CPU.ActiveCfg = Debug|Any CPU
		{B9F4B96B-AC91-4C50-8155-C715C352E984}.Debug|Any CPU.Build.0 = Debug|Any CPU
		{B9F4B96B-AC91-4C50-8155-C715C352E984}.Debug|x64.ActiveCfg = Debug|Any CPU
		{B9F4B96B-AC91-4C50-8155-C715C352E984}.Debug|x64.Build.0 = Debug|Any CPU
		{B9F4B96B-AC91-4C50-8155-C715C352E984}.Debug|x86.ActiveCfg = Debug|Any CPU
		{B9F4B96B-AC91-4C50-8155-C715C352E984}.Debug|x86.Build.0 = Debug|Any CPU
		{B9F4B96B-AC91-4C50-8155-C715C352E984}.Release|Any CPU.ActiveCfg = Release|Any CPU
		{B9F4B96B-AC91-4C50-8155-C715C352E984}.Release|Any CPU.Build.0 = Release|Any CPU
		{B9F4B96B-AC91-4C50-8155-C715C352E984}.Release|x64.ActiveCfg = Release|Any CPU
		{B9F4B96B-AC91-4C50-8155-C715C352E984}.Release|x64.Build.0 = Release|Any CPU
		{B9F4B96B-AC91-4C50-8155-C715C352E984}.Release|x86.ActiveCfg = Release|Any CPU
		{B9F4B96B-AC91-4C50-8155-C715C352E984}.Release|x86.Build.0 = Release|Any CPU
		{E9C85F05-00BA-4D53-90CD-41651FF29F14}.Debug|Any CPU.ActiveCfg = Debug|Any CPU
		{E9C85F05-00BA-4D53-90CD-41651FF29F14}.Debug|Any CPU.Build.0 = Debug|Any CPU
		{E9C85F05-00BA-4D53-90CD-41651FF29F14}.Debug|x64.ActiveCfg = Debug|Any CPU
		{E9C85F05-00BA-4D53-90CD-41651FF29F14}.Debug|x64.Build.0 = Debug|Any CPU
		{E9C85F05-00BA-4D53-90CD-41651FF29F14}.Debug|x86.ActiveCfg = Debug|Any CPU
		{E9C85F05-00BA-4D53-90CD-41651FF29F14}.Debug|x86.Build.0 = Debug|Any CPU
		{E9C85F05-00BA-4D53-90CD-41651FF29F14}.Release|Any CPU.ActiveCfg = Release|Any CPU
		{E9C85F05-00BA-4D53-90CD-41651FF29F14}.Release|Any CPU.Build.0 = Release|Any CPU
		{E9C85F05-00BA-4D53-90CD-41651FF29F14}.Release|x64.ActiveCfg = Release|Any CPU
		{E9C85F05-00BA-4D53-90CD-41651FF29F14}.Release|x64.Build.0 = Release|Any CPU
		{E9C85F05-00BA-4D53-90CD-41651FF29F14}.Release|x86.ActiveCfg = Release|Any CPU
		{E9C85F05-00BA-4D53-90CD-41651FF29F14}.Release|x86.Build.0 = Release|Any CPU
		{6BC19816-DBD8-4596-93A8-F5D1471F6966}.Debug|Any CPU.ActiveCfg = Debug|Any CPU
		{6BC19816-DBD8-4596-93A8-F5D1471F6966}.Debug|Any CPU.Build.0 = Debug|Any CPU
		{6BC19816-DBD8-4596-93A8-F5D1471F6966}.Debug|x64.ActiveCfg = Debug|Any CPU
		{6BC19816-DBD8-4596-93A8-F5D1471F6966}.Debug|x64.Build.0 = Debug|Any CPU
		{6BC19816-DBD8-4596-93A8-F5D1471F6966}.Debug|x86.ActiveCfg = Debug|Any CPU
		{6BC19816-DBD8-4596-93A8-F5D1471F6966}.Debug|x86.Build.0 = Debug|Any CPU
		{6BC19816-DBD8-4596-93A8-F5D1471F6966}.Release|Any CPU.ActiveCfg = Release|Any CPU
		{6BC19816-DBD8-4596-93A8-F5D1471F6966}.Release|Any CPU.Build.0 = Release|Any CPU
		{6BC19816-DBD8-4596-93A8-F5D1471F6966}.Release|x64.ActiveCfg = Release|Any CPU
		{6BC19816-DBD8-4596-93A8-F5D1471F6966}.Release|x64.Build.0 = Release|Any CPU
		{6BC19816-DBD8-4596-93A8-F5D1471F6966}.Release|x86.ActiveCfg = Release|Any CPU
		{6BC19816-DBD8-4596-93A8-F5D1471F6966}.Release|x86.Build.0 = Release|Any CPU
		{DC4D8B34-5B15-4AE0-8D44-297EE40B5D36}.Debug|Any CPU.ActiveCfg = Debug|Any CPU
		{DC4D8B34-5B15-4AE0-8D44-297EE40B5D36}.Debug|Any CPU.Build.0 = Debug|Any CPU
		{DC4D8B34-5B15-4AE0-8D44-297EE40B5D36}.Debug|x64.ActiveCfg = Debug|Any CPU
		{DC4D8B34-5B15-4AE0-8D44-297EE40B5D36}.Debug|x64.Build.0 = Debug|Any CPU
		{DC4D8B34-5B15-4AE0-8D44-297EE40B5D36}.Debug|x86.ActiveCfg = Debug|Any CPU
		{DC4D8B34-5B15-4AE0-8D44-297EE40B5D36}.Debug|x86.Build.0 = Debug|Any CPU
		{DC4D8B34-5B15-4AE0-8D44-297EE40B5D36}.Release|Any CPU.ActiveCfg = Release|Any CPU
		{DC4D8B34-5B15-4AE0-8D44-297EE40B5D36}.Release|Any CPU.Build.0 = Release|Any CPU
		{DC4D8B34-5B15-4AE0-8D44-297EE40B5D36}.Release|x64.ActiveCfg = Release|Any CPU
		{DC4D8B34-5B15-4AE0-8D44-297EE40B5D36}.Release|x64.Build.0 = Release|Any CPU
		{DC4D8B34-5B15-4AE0-8D44-297EE40B5D36}.Release|x86.ActiveCfg = Release|Any CPU
		{DC4D8B34-5B15-4AE0-8D44-297EE40B5D36}.Release|x86.Build.0 = Release|Any CPU
	EndGlobalSection
	GlobalSection(SolutionProperties) = preSolution
		HideSolutionNode = FALSE
	EndGlobalSection
	GlobalSection(NestedProjects) = preSolution
		{DBBF4B2B-5F3A-4D70-AA80-83477889FF9A} = {4F52FD11-658E-A102-6CD3-7D7C16FFA15B}
		{4E736993-0CE5-4FDD-9F23-3DC7642CA8B2} = {4F52FD11-658E-A102-6CD3-7D7C16FFA15B}
		{984BB9B3-3FA3-BE33-9484-CAC21695A33C} = {827E0CD3-B72D-47B6-A68D-7590B98EB39B}
		{69A794AA-079B-4AB1-A802-77EA4624B40B} = {984BB9B3-3FA3-BE33-9484-CAC21695A33C}
		{1C71F709-96CE-43F0-800F-141629FA6E6D} = {984BB9B3-3FA3-BE33-9484-CAC21695A33C}
		{C2D73D6A-8137-4E68-8765-06B179FA49A9} = {984BB9B3-3FA3-BE33-9484-CAC21695A33C}
		{6E893067-1AAB-49BE-A6F6-F113BA1A8BD2} = {984BB9B3-3FA3-BE33-9484-CAC21695A33C}
		{F91250AE-5C86-480B-AEDF-41B405A98971} = {984BB9B3-3FA3-BE33-9484-CAC21695A33C}
		{DBCED476-65D4-4601-9DBF-9134699CA5C7} = {984BB9B3-3FA3-BE33-9484-CAC21695A33C}
		{B9F4B96B-AC91-4C50-8155-C715C352E984} = {984BB9B3-3FA3-BE33-9484-CAC21695A33C}
		{E9C85F05-00BA-4D53-90CD-41651FF29F14} = {984BB9B3-3FA3-BE33-9484-CAC21695A33C}
		{6BC19816-DBD8-4596-93A8-F5D1471F6966} = {984BB9B3-3FA3-BE33-9484-CAC21695A33C}
		{CBE535C5-B51A-60E9-4D99-AC1BFAA908A1} = {827E0CD3-B72D-47B6-A68D-7590B98EB39B}
		{DC4D8B34-5B15-4AE0-8D44-297EE40B5D36} = {CBE535C5-B51A-60E9-4D99-AC1BFAA908A1}
	EndGlobalSection
EndGlobal
